
Microsoft Visual Studio Solution File, Format Version 12.00
# Visual Studio 15
VisualStudioVersion = 15.0.28010.2026
MinimumVisualStudioVersion = 10.0.40219.1
Project("{FAE04EC0-301F-11D3-BF4B-00C04F79EFBC}") = "TicTac", "TicTac\TicTac.csproj", "{77129AAC-8FB1-4745-9D66-C2A1D821853F}"
EndProject
Global
	GlobalSection(SolutionConfigurationPlatforms) = preSolution
		Debug|Any CPU = Debug|Any CPU
		Release|Any CPU = Release|Any CPU
	EndGlobalSection
	GlobalSection(ProjectConfigurationPlatforms) = postSolution
		{77129AAC-8FB1-4745-9D66-C2A1D821853F}.Debug|Any CPU.ActiveCfg = Debug|Any CPU
		{77129AAC-8FB1-4745-9D66-C2A1D821853F}.Debug|Any CPU.Build.0 = Debug|Any CPU
		{77129AAC-8FB1-4745-9D66-C2A1D821853F}.Release|Any CPU.ActiveCfg = Release|Any CPU
		{77129AAC-8FB1-4745-9D66-C2A1D821853F}.Release|Any CPU.Build.0 = Release|Any CPU
	EndGlobalSection
	GlobalSection(SolutionProperties) = preSolution
		HideSolutionNode = FALSE
	EndGlobalSection
	GlobalSection(ExtensibilityGlobals) = postSolution
		SolutionGuid = {D68AC49C-BBE6-497A-8BF0-1AF43BE95B95}
	EndGlobalSection
EndGlobal
